{
    "_readme": [
        "This file locks the dependencies of your project to a known state",
        "Read more about it at https://getcomposer.org/doc/01-basic-usage.md#installing-dependencies",
        "This file is @generated automatically"
    ],
    "content-hash": "fa551d4d2caa4f597a1058494b585fd7",
    "packages": [
        {
            "name": "php-curl-class/php-curl-class",
            "version": "dev-master",
            "source": {
                "type": "git",
                "url": "https://github.com/php-curl-class/php-curl-class.git",
                "reference": "a1625e0dcec3b8af23d76492743cc70da2a3fc07"
            },
            "dist": {
                "type": "zip",
                "url": "https://api.github.com/repos/php-curl-class/php-curl-class/zipball/a1625e0dcec3b8af23d76492743cc70da2a3fc07",
                "reference": "a1625e0dcec3b8af23d76492743cc70da2a3fc07",
                "shasum": ""
            },
            "require": {
                "ext-curl": "*",
                "php": ">=7.0"
            },
            "require-dev": {
                "dealerdirect/phpcodesniffer-composer-installer": "*",
                "ext-gd": "*",
                "friendsofphp/php-cs-fixer": "*",
                "phpcompatibility/php-compatibility": "dev-develop",
                "phpcsstandards/phpcsutils": "@alpha",
                "phpunit/phpunit": "*",
                "squizlabs/php_codesniffer": "*",
                "vimeo/psalm": ">=0.3.63"
            },
            "suggest": {
                "ext-mbstring": "*"
            },
            "default-branch": true,
            "type": "library",
            "autoload": {
                "psr-4": {
                    "Curl\\": "src/Curl/"
                }
            },
            "notification-url": "https://packagist.org/downloads/",
            "license": [
                "Unlicense"
            ],
            "authors": [
                {
                    "name": "Zach Borboa"
                },
                {
                    "name": "Contributors",
                    "homepage": "https://github.com/php-curl-class/php-curl-class/graphs/contributors"
                }
            ],
            "description": "PHP Curl Class makes it easy to send HTTP requests and integrate with web APIs.",
            "homepage": "https://github.com/php-curl-class/php-curl-class",
            "keywords": [
                "API-Client",
                "api",
                "class",
                "client",
                "curl",
                "framework",
                "http",
                "http-client",
                "http-proxy",
                "json",
                "php",
                "php-curl",
                "php-curl-library",
                "proxy",
                "requests",
                "restful",
                "web-scraper",
                "web-scraping ",
                "web-service",
                "xml"
            ],
            "support": {
                "issues": "https://github.com/php-curl-class/php-curl-class/issues",
                "source": "https://github.com/php-curl-class/php-curl-class/tree/master"
            },
            "time": "2024-04-29T18:24:47+00:00"
        }
    ],
    "packages-dev": [],
    "aliases": [],
    "minimum-stability": "stable",
    "stability-flags": {
        "php-curl-class/php-curl-class": 20
    },
    "prefer-stable": false,
    "prefer-lowest": false,
    "platform": {
        "php": "^7.4||^8.0",
        "ext-curl": "*",
        "ext-json": "*"
    },
    "platform-dev": [],
    "plugin-api-version": "2.3.0"
}
